PODS:
  - Alamofire (5.8.1)
  - KeychainAccess (4.2.2)
  - Kingfisher (7.6.1)
  - SkeletonView (1.30.4)

DEPENDENCIES:
  - Alamofire
  - KeychainAccess
  - Kingfisher (= 7.6.1)
  - SkeletonView

SPEC REPOS:
  trunk:
    - Alamofire
    - KeychainAccess
    - Kingfisher
    - SkeletonView

SPEC CHECKSUMS:
  Alamofire: 3ca42e259043ee0dc5c0cdd76c4bc568b8e42af7
  KeychainAccess: c0c4f7f38f6fc7bbe58f5702e25f7bd2f65abf51
  Kingfisher: 93a3c6d0d551658a31e19f21747e1d15cb39d525
  SkeletonView: 5a050f6411e697abd4cda0a8d767013399dccd69

PODFILE CHECKSUM: 3f0c52c01e22ef45179ae12780266b80f59e3e56

COCOAPODS: 1.13.0
